{
  "name": "untitled",
  "version": "1.0.0",
  "lockfileVersion": 3,
  "requires": true,
  "packages": {
    "": {
      "name": "untitled",
      "version": "1.0.0",
      "license": "ISC",
      "dependencies": {
        "country-iso-3-to-2": "1.1.1"
      }
    },
    "node_modules/country-iso-3-to-2": {
      "version": "1.1.1",
      "resolved": "https://registry.npmjs.org/country-iso-3-to-2/-/country-iso-3-to-2-1.1.1.tgz",
      "integrity": "sha512-nirmbzPq5vt40WT9YWrWEvruxNt3h0g/h/k5umfo1ctq0ncw4Kwjd3+MKVL1vp5W5npb/fc3gv4E62xa/PZDiA=="
    }
  }
}
